
Microsoft Visual Studio Solution File, Format Version 12.00
# Visual Studio Version 16
VisualStudioVersion = 16.0.31829.152
MinimumVisualStudioVersion = 10.0.40219.1
Project("{FAE04EC0-301F-11D3-BF4B-00C04F79EFBC}") = "LempelZivKNN", "LempelZivKNN\LempelZivKNN.csproj", "{17CE806D-6B63-4B27-B317-F37EEEB36FEE}"
EndProject
Global
	GlobalSection(SolutionConfigurationPlatforms) = preSolution
		Debug|Any CPU = Debug|Any CPU
		Release|Any CPU = Release|Any CPU
	EndGlobalSection
	GlobalSection(ProjectConfigurationPlatforms) = postSolution
		{17CE806D-6B63-4B27-B317-F37EEEB36FEE}.Debug|Any CPU.ActiveCfg = Debug|Any CPU
		{17CE806D-6B63-4B27-B317-F37EEEB36FEE}.Debug|Any CPU.Build.0 = Debug|Any CPU
		{17CE806D-6B63-4B27-B317-F37EEEB36FEE}.Release|Any CPU.ActiveCfg = Release|Any CPU
		{17CE806D-6B63-4B27-B317-F37EEEB36FEE}.Release|Any CPU.Build.0 = Release|Any CPU
	EndGlobalSection
	GlobalSection(SolutionProperties) = preSolution
		HideSolutionNode = FALSE
	EndGlobalSection
	GlobalSection(ExtensibilityGlobals) = postSolution
		SolutionGuid = {5D060AC1-466A-4A68-85AD-BBAD29AAAC4B}
	EndGlobalSection
EndGlobal
